{
  "pins" : [
    {
      "identity" : "whisperlib",
      "kind" : "remoteSourceControl",
      "location" : "https://github.com/MannaPlanet/whisperlib",
      "state" : {
        "branch" : "dev_sync_upstream",
        "revision" : "77648fea3d57bb9dd82fcadedcdc9f79cd25f75f"
      }
    }
  ],
  "version" : 2
}
