{
  "pins" : [
    {
      "identity" : "whisperlib",
      "kind" : "remoteSourceControl",
      "location" : "https://github.com/MannaPlanet/whisperlib",
      "state" : {
        "branch" : "main",
        "revision" : "ded2d53f6430995db1af6a3e5bb369272a5a5325"
      }
    }
  ],
  "version" : 2
}
