{
  "pins" : [
    {
      "identity" : "whisperlib",
      "kind" : "remoteSourceControl",
      "location" : "https://github.com/jangmino/whisperlib.git",
      "state" : {
        "branch" : "feat_metal",
        "revision" : "166f4d11628e89b8bb434934d355c53a1c5800da"
      }
    }
  ],
  "version" : 2
}
