// !$*UTF8*$!
{
	archiveVersion = 1;
	classes = {
	};
	objectVersion = 56;
	objects = {

/* Begin PBXBuildFile section */
		AD5136512B99561C00D5B85F /* LlamaContext.swift in Sources */ = {isa = PBXBuildFile; fileRef = AD5136502B99561C00D5B85F /* LlamaContext.swift */; };
		AD5136532B99566900D5B85F /* LlamaState.swift in Sources */ = {isa = PBXBuildFile; fileRef = AD5136522B99566900D5B85F /* LlamaState.swift */; };
		AD68F2EF2B9B30150095345A /* ggml-medium.q4_k.bin in Resources */ = {isa = PBXBuildFile; fileRef = AD68F2EE2B9B30150095345A /* ggml-medium.q4_k.bin */; };
		AD6AFEFD2B9DA8280099AA8A /* whisperlib in Frameworks */ = {isa = PBXBuildFile; productRef = AD6AFEFC2B9DA8280099AA8A /* whisperlib */; };
		AD6AFF012B9DA9810099AA8A /* ggml-small.q3_k.bin in Resources */ = {isa = PBXBuildFile; fileRef = AD6AFF002B9DA9810099AA8A /* ggml-small.q3_k.bin */; };
		AD6AFF032B9DCEDD0099AA8A /* gemma-2b-it-Q3_K_M.gguf in Resources */ = {isa = PBXBuildFile; fileRef = AD6AFF022B9DCEDD0099AA8A /* gemma-2b-it-Q3_K_M.gguf */; };
		ADC3F24E2B98034000697A78 /* manna_order_genieApp.swift in Sources */ = {isa = PBXBuildFile; fileRef = ADC3F24D2B98034000697A78 /* manna_order_genieApp.swift */; };
		ADC3F2502B98034000697A78 /* ContentView.swift in Sources */ = {isa = PBXBuildFile; fileRef = ADC3F24F2B98034000697A78 /* ContentView.swift */; };
		ADC3F2522B98034100697A78 /* Assets.xcassets in Resources */ = {isa = PBXBuildFile; fileRef = ADC3F2512B98034100697A78 /* Assets.xcassets */; };
		ADC3F2552B98034100697A78 /* Preview Assets.xcassets in Resources */ = {isa = PBXBuildFile; fileRef = ADC3F2542B98034100697A78 /* Preview Assets.xcassets */; };
		ADC3F2632B982D5B00697A78 /* WhisperState.swift in Sources */ = {isa = PBXBuildFile; fileRef = ADC3F2622B982D5B00697A78 /* WhisperState.swift */; };
		ADC3F2672B982D7A00697A78 /* Recorder.swift in Sources */ = {isa = PBXBuildFile; fileRef = ADC3F2652B982D7A00697A78 /* Recorder.swift */; };
		ADC3F2682B982D7A00697A78 /* RiffWaveUtils.swift in Sources */ = {isa = PBXBuildFile; fileRef = ADC3F2662B982D7A00697A78 /* RiffWaveUtils.swift */; };
		ADC3F26A2B982DC600697A78 /* WhisperContext.swift in Sources */ = {isa = PBXBuildFile; fileRef = ADC3F2692B982DC600697A78 /* WhisperContext.swift */; };
/* End PBXBuildFile section */

/* Begin PBXFileReference section */
		AD5136502B99561C00D5B85F /* LlamaContext.swift */ = {isa = PBXFileReference; lastKnownFileType = sourcecode.swift; path = LlamaContext.swift; sourceTree = "<group>"; };
		AD5136522B99566900D5B85F /* LlamaState.swift */ = {isa = PBXFileReference; lastKnownFileType = sourcecode.swift; path = LlamaState.swift; sourceTree = "<group>"; };
		AD68F2EE2B9B30150095345A /* ggml-medium.q4_k.bin */ = {isa = PBXFileReference; lastKnownFileType = archive.macbinary; path = "ggml-medium.q4_k.bin"; sourceTree = "<group>"; };
		AD6AFF002B9DA9810099AA8A /* ggml-small.q3_k.bin */ = {isa = PBXFileReference; lastKnownFileType = archive.macbinary; path = "ggml-small.q3_k.bin"; sourceTree = "<group>"; };
		AD6AFF022B9DCEDD0099AA8A /* gemma-2b-it-Q3_K_M.gguf */ = {isa = PBXFileReference; lastKnownFileType = file; path = "gemma-2b-it-Q3_K_M.gguf"; sourceTree = "<group>"; };
		ADC3F24A2B98034000697A78 /* manna-order-genie.app */ = {isa = PBXFileReference; explicitFileType = wrapper.application; includeInIndex = 0; path = "manna-order-genie.app"; sourceTree = BUILT_PRODUCTS_DIR; };
		ADC3F24D2B98034000697A78 /* manna_order_genieApp.swift */ = {isa = PBXFileReference; lastKnownFileType = sourcecode.swift; path = manna_order_genieApp.swift; sourceTree = "<group>"; };
		ADC3F24F2B98034000697A78 /* ContentView.swift */ = {isa = PBXFileReference; lastKnownFileType = sourcecode.swift; path = ContentView.swift; sourceTree = "<group>"; };
		ADC3F2512B98034100697A78 /* Assets.xcassets */ = {isa = PBXFileReference; lastKnownFileType = folder.assetcatalog; path = Assets.xcassets; sourceTree = "<group>"; };
		ADC3F2542B98034100697A78 /* Preview Assets.xcassets */ = {isa = PBXFileReference; lastKnownFileType = folder.assetcatalog; path = "Preview Assets.xcassets"; sourceTree = "<group>"; };
		ADC3F2622B982D5B00697A78 /* WhisperState.swift */ = {isa = PBXFileReference; fileEncoding = 4; lastKnownFileType = sourcecode.swift; path = WhisperState.swift; sourceTree = "<group>"; };
		ADC3F2652B982D7A00697A78 /* Recorder.swift */ = {isa = PBXFileReference; fileEncoding = 4; lastKnownFileType = sourcecode.swift; path = Recorder.swift; sourceTree = "<group>"; };
		ADC3F2662B982D7A00697A78 /* RiffWaveUtils.swift */ = {isa = PBXFileReference; fileEncoding = 4; lastKnownFileType = sourcecode.swift; path = RiffWaveUtils.swift; sourceTree = "<group>"; };
		ADC3F2692B982DC600697A78 /* WhisperContext.swift */ = {isa = PBXFileReference; lastKnownFileType = sourcecode.swift; path = WhisperContext.swift; sourceTree = "<group>"; };
		ADC3F2802B9851CB00697A78 /* Info.plist */ = {isa = PBXFileReference; lastKnownFileType = text.plist.xml; path = Info.plist; sourceTree = "<group>"; };
		ADC3F28D2B98D7F900697A78 /* .gitignore */ = {isa = PBXFileReference; lastKnownFileType = text; path = .gitignore; sourceTree = "<group>"; };
		ADC3F28F2B98D81E00697A78 /* .gitignore */ = {isa = PBXFileReference; lastKnownFileType = text; path = .gitignore; sourceTree = "<group>"; };
/* End PBXFileReference section */

/* Begin PBXFrameworksBuildPhase section */
		ADC3F2472B98034000697A78 /* Frameworks */ = {
			isa = PBXFrameworksBuildPhase;
			buildActionMask = 2147483647;
			files = (
				AD6AFEFD2B9DA8280099AA8A /* whisperlib in Frameworks */,
			);
			runOnlyForDeploymentPostprocessing = 0;
		};
/* End PBXFrameworksBuildPhase section */

/* Begin PBXGroup section */
		ADC3F2412B98034000697A78 = {
			isa = PBXGroup;
			children = (
				ADC3F24C2B98034000697A78 /* manna-order-genie */,
				ADC3F24B2B98034000697A78 /* Products */,
			);
			sourceTree = "<group>";
		};
		ADC3F24B2B98034000697A78 /* Products */ = {
			isa = PBXGroup;
			children = (
				ADC3F24A2B98034000697A78 /* manna-order-genie.app */,
			);
			name = Products;
			sourceTree = "<group>";
		};
		ADC3F24C2B98034000697A78 /* manna-order-genie */ = {
			isa = PBXGroup;
			children = (
				ADC3F2802B9851CB00697A78 /* Info.plist */,
				ADC3F2792B98512D00697A78 /* Resources */,
				ADC3F24D2B98034000697A78 /* manna_order_genieApp.swift */,
				ADC3F2642B982D6B00697A78 /* Utils */,
				ADC3F2612B982D4D00697A78 /* Models */,
				ADC3F25E2B982C8D00697A78 /* UI */,
				ADC3F2512B98034100697A78 /* Assets.xcassets */,
				ADC3F2532B98034100697A78 /* Preview Content */,
			);
			path = "manna-order-genie";
			sourceTree = "<group>";
		};
		ADC3F2532B98034100697A78 /* Preview Content */ = {
			isa = PBXGroup;
			children = (
				ADC3F2542B98034100697A78 /* Preview Assets.xcassets */,
			);
			path = "Preview Content";
			sourceTree = "<group>";
		};
		ADC3F25E2B982C8D00697A78 /* UI */ = {
			isa = PBXGroup;
			children = (
				ADC3F24F2B98034000697A78 /* ContentView.swift */,
			);
			path = UI;
			sourceTree = "<group>";
		};
		ADC3F2612B982D4D00697A78 /* Models */ = {
			isa = PBXGroup;
			children = (
				ADC3F2622B982D5B00697A78 /* WhisperState.swift */,
				ADC3F2692B982DC600697A78 /* WhisperContext.swift */,
				AD5136502B99561C00D5B85F /* LlamaContext.swift */,
				AD5136522B99566900D5B85F /* LlamaState.swift */,
			);
			path = Models;
			sourceTree = "<group>";
		};
		ADC3F2642B982D6B00697A78 /* Utils */ = {
			isa = PBXGroup;
			children = (
				ADC3F2652B982D7A00697A78 /* Recorder.swift */,
				ADC3F2662B982D7A00697A78 /* RiffWaveUtils.swift */,
			);
			path = Utils;
			sourceTree = "<group>";
		};
		ADC3F2792B98512D00697A78 /* Resources */ = {
			isa = PBXGroup;
			children = (
				ADC3F27B2B98514200697A78 /* samples */,
				ADC3F27A2B98513900697A78 /* models */,
			);
			path = Resources;
			sourceTree = "<group>";
		};
		ADC3F27A2B98513900697A78 /* models */ = {
			isa = PBXGroup;
			children = (
				AD6AFF022B9DCEDD0099AA8A /* gemma-2b-it-Q3_K_M.gguf */,
				AD6AFF002B9DA9810099AA8A /* ggml-small.q3_k.bin */,
				AD68F2EE2B9B30150095345A /* ggml-medium.q4_k.bin */,
				ADC3F28F2B98D81E00697A78 /* .gitignore */,
			);
			path = models;
			sourceTree = "<group>";
		};
		ADC3F27B2B98514200697A78 /* samples */ = {
			isa = PBXGroup;
			children = (
				ADC3F28D2B98D7F900697A78 /* .gitignore */,
			);
			path = samples;
			sourceTree = "<group>";
		};
/* End PBXGroup section */

/* Begin PBXNativeTarget section */
		ADC3F2492B98034000697A78 /* manna-order-genie */ = {
			isa = PBXNativeTarget;
			buildConfigurationList = ADC3F2582B98034100697A78 /* Build configuration list for PBXNativeTarget "manna-order-genie" */;
			buildPhases = (
				ADC3F2462B98034000697A78 /* Sources */,
				ADC3F2472B98034000697A78 /* Frameworks */,
				ADC3F2482B98034000697A78 /* Resources */,
			);
			buildRules = (
			);
			dependencies = (
			);
			name = "manna-order-genie";
			packageProductDependencies = (
				AD6AFEFC2B9DA8280099AA8A /* whisperlib */,
			);
			productName = "manna-order-genie";
			productReference = ADC3F24A2B98034000697A78 /* manna-order-genie.app */;
			productType = "com.apple.product-type.application";
		};
/* End PBXNativeTarget section */

/* Begin PBXProject section */
		ADC3F2422B98034000697A78 /* Project object */ = {
			isa = PBXProject;
			attributes = {
				BuildIndependentTargetsInParallel = 1;
				LastSwiftUpdateCheck = 1500;
				LastUpgradeCheck = 1500;
				TargetAttributes = {
					ADC3F2492B98034000697A78 = {
						CreatedOnToolsVersion = 15.0.1;
					};
				};
			};
			buildConfigurationList = ADC3F2452B98034000697A78 /* Build configuration list for PBXProject "manna-order-genie" */;
			compatibilityVersion = "Xcode 14.0";
			developmentRegion = en;
			hasScannedForEncodings = 0;
			knownRegions = (
				en,
				Base,
			);
			mainGroup = ADC3F2412B98034000697A78;
			packageReferences = (
				AD6AFEFB2B9DA8280099AA8A /* XCRemoteSwiftPackageReference "whisperlib" */,
			);
			productRefGroup = ADC3F24B2B98034000697A78 /* Products */;
			projectDirPath = "";
			projectRoot = "";
			targets = (
				ADC3F2492B98034000697A78 /* manna-order-genie */,
			);
		};
/* End PBXProject section */

/* Begin PBXResourcesBuildPhase section */
		ADC3F2482B98034000697A78 /* Resources */ = {
			isa = PBXResourcesBuildPhase;
			buildActionMask = 2147483647;
			files = (
				ADC3F2552B98034100697A78 /* Preview Assets.xcassets in Resources */,
				AD6AFF032B9DCEDD0099AA8A /* gemma-2b-it-Q3_K_M.gguf in Resources */,
				AD68F2EF2B9B30150095345A /* ggml-medium.q4_k.bin in Resources */,
				ADC3F2522B98034100697A78 /* Assets.xcassets in Resources */,
				AD6AFF012B9DA9810099AA8A /* ggml-small.q3_k.bin in Resources */,
			);
			runOnlyForDeploymentPostprocessing = 0;
		};
/* End PBXResourcesBuildPhase section */

/* Begin PBXSourcesBuildPhase section */
		ADC3F2462B98034000697A78 /* Sources */ = {
			isa = PBXSourcesBuildPhase;
			buildActionMask = 2147483647;
			files = (
				ADC3F26A2B982DC600697A78 /* WhisperContext.swift in Sources */,
				ADC3F2502B98034000697A78 /* ContentView.swift in Sources */,
				ADC3F2682B982D7A00697A78 /* RiffWaveUtils.swift in Sources */,
				AD5136532B99566900D5B85F /* LlamaState.swift in Sources */,
				ADC3F24E2B98034000697A78 /* manna_order_genieApp.swift in Sources */,
				ADC3F2632B982D5B00697A78 /* WhisperState.swift in Sources */,
				AD5136512B99561C00D5B85F /* LlamaContext.swift in Sources */,
				ADC3F2672B982D7A00697A78 /* Recorder.swift in Sources */,
			);
			runOnlyForDeploymentPostprocessing = 0;
		};
/* End PBXSourcesBuildPhase section */

/* Begin XCBuildConfiguration section */
		ADC3F2562B98034100697A78 /* Debug */ = {
			isa = XCBuildConfiguration;
			buildSettings = {
				ALWAYS_SEARCH_USER_PATHS = NO;
				ASSETCATALOG_COMPILER_GENERATE_SWIFT_ASSET_SYMBOL_EXTENSIONS = YES;
				CLANG_ANALYZER_NONNULL = YES;
				CLANG_ANALYZER_NUMBER_OBJECT_CONVERSION = YES_AGGRESSIVE;
				CLANG_CXX_LANGUAGE_STANDARD = "gnu++20";
				CLANG_ENABLE_MODULES = YES;
				CLANG_ENABLE_OBJC_ARC = YES;
				CLANG_ENABLE_OBJC_WEAK = YES;
				CLANG_WARN_BLOCK_CAPTURE_AUTORELEASING = YES;
				CLANG_WARN_BOOL_CONVERSION = YES;
				CLANG_WARN_COMMA = YES;
				CLANG_WARN_CONSTANT_CONVERSION = YES;
				CLANG_WARN_DEPRECATED_OBJC_IMPLEMENTATIONS = YES;
				CLANG_WARN_DIRECT_OBJC_ISA_USAGE = YES_ERROR;
				CLANG_WARN_DOCUMENTATION_COMMENTS = YES;
				CLANG_WARN_EMPTY_BODY = YES;
				CLANG_WARN_ENUM_CONVERSION = YES;
				CLANG_WARN_INFINITE_RECURSION = YES;
				CLANG_WARN_INT_CONVERSION = YES;
				CLANG_WARN_NON_LITERAL_NULL_CONVERSION = YES;
				CLANG_WARN_OBJC_IMPLICIT_RETAIN_SELF = YES;
				CLANG_WARN_OBJC_LITERAL_CONVERSION = YES;
				CLANG_WARN_OBJC_ROOT_CLASS = YES_ERROR;
				CLANG_WARN_QUOTED_INCLUDE_IN_FRAMEWORK_HEADER = YES;
				CLANG_WARN_RANGE_LOOP_ANALYSIS = YES;
				CLANG_WARN_STRICT_PROTOTYPES = YES;
				CLANG_WARN_SUSPICIOUS_MOVE = YES;
				CLANG_WARN_UNGUARDED_AVAILABILITY = YES_AGGRESSIVE;
				CLANG_WARN_UNREACHABLE_CODE = YES;
				CLANG_WARN__DUPLICATE_METHOD_MATCH = YES;
				COPY_PHASE_STRIP = NO;
				DEBUG_INFORMATION_FORMAT = dwarf;
				ENABLE_STRICT_OBJC_MSGSEND = YES;
				ENABLE_TESTABILITY = YES;
				ENABLE_USER_SCRIPT_SANDBOXING = YES;
				GCC_C_LANGUAGE_STANDARD = gnu17;
				GCC_DYNAMIC_NO_PIC = NO;
				GCC_NO_COMMON_BLOCKS = YES;
				GCC_OPTIMIZATION_LEVEL = 0;
				GCC_PREPROCESSOR_DEFINITIONS = (
					"DEBUG=1",
					"$(inherited)",
				);
				GCC_WARN_64_TO_32_BIT_CONVERSION = YES;
				GCC_WARN_ABOUT_RETURN_TYPE = YES_ERROR;
				GCC_WARN_UNDECLARED_SELECTOR = YES;
				GCC_WARN_UNINITIALIZED_AUTOS = YES_AGGRESSIVE;
				GCC_WARN_UNUSED_FUNCTION = YES;
				GCC_WARN_UNUSED_VARIABLE = YES;
				IPHONEOS_DEPLOYMENT_TARGET = 17.0;
				LOCALIZATION_PREFERS_STRING_CATALOGS = YES;
				MTL_ENABLE_DEBUG_INFO = INCLUDE_SOURCE;
				MTL_FAST_MATH = YES;
				ONLY_ACTIVE_ARCH = YES;
				SDKROOT = iphoneos;
				SWIFT_ACTIVE_COMPILATION_CONDITIONS = "DEBUG $(inherited)";
				SWIFT_OPTIMIZATION_LEVEL = "-Onone";
			};
			name = Debug;
		};
		ADC3F2572B98034100697A78 /* Release */ = {
			isa = XCBuildConfiguration;
			buildSettings = {
				ALWAYS_SEARCH_USER_PATHS = NO;
				ASSETCATALOG_COMPILER_GENERATE_SWIFT_ASSET_SYMBOL_EXTENSIONS = YES;
				CLANG_ANALYZER_NONNULL = YES;
				CLANG_ANALYZER_NUMBER_OBJECT_CONVERSION = YES_AGGRESSIVE;
				CLANG_CXX_LANGUAGE_STANDARD = "gnu++20";
				CLANG_ENABLE_MODULES = YES;
				CLANG_ENABLE_OBJC_ARC = YES;
				CLANG_ENABLE_OBJC_WEAK = YES;
				CLANG_WARN_BLOCK_CAPTURE_AUTORELEASING = YES;
				CLANG_WARN_BOOL_CONVERSION = YES;
				CLANG_WARN_COMMA = YES;
				CLANG_WARN_CONSTANT_CONVERSION = YES;
				CLANG_WARN_DEPRECATED_OBJC_IMPLEMENTATIONS = YES;
				CLANG_WARN_DIRECT_OBJC_ISA_USAGE = YES_ERROR;
				CLANG_WARN_DOCUMENTATION_COMMENTS = YES;
				CLANG_WARN_EMPTY_BODY = YES;
				CLANG_WARN_ENUM_CONVERSION = YES;
				CLANG_WARN_INFINITE_RECURSION = YES;
				CLANG_WARN_INT_CONVERSION = YES;
				CLANG_WARN_NON_LITERAL_NULL_CONVERSION = YES;
				CLANG_WARN_OBJC_IMPLICIT_RETAIN_SELF = YES;
				CLANG_WARN_OBJC_LITERAL_CONVERSION = YES;
				CLANG_WARN_OBJC_ROOT_CLASS = YES_ERROR;
				CLANG_WARN_QUOTED_INCLUDE_IN_FRAMEWORK_HEADER = YES;
				CLANG_WARN_RANGE_LOOP_ANALYSIS = YES;
				CLANG_WARN_STRICT_PROTOTYPES = YES;
				CLANG_WARN_SUSPICIOUS_MOVE = YES;
				CLANG_WARN_UNGUARDED_AVAILABILITY = YES_AGGRESSIVE;
				CLANG_WARN_UNREACHABLE_CODE = YES;
				CLANG_WARN__DUPLICATE_METHOD_MATCH = YES;
				COPY_PHASE_STRIP = NO;
				DEBUG_INFORMATION_FORMAT = "dwarf-with-dsym";
				ENABLE_NS_ASSERTIONS = NO;
				ENABLE_STRICT_OBJC_MSGSEND = YES;
				ENABLE_USER_SCRIPT_SANDBOXING = YES;
				GCC_C_LANGUAGE_STANDARD = gnu17;
				GCC_NO_COMMON_BLOCKS = YES;
				GCC_WARN_64_TO_32_BIT_CONVERSION = YES;
				GCC_WARN_ABOUT_RETURN_TYPE = YES_ERROR;
				GCC_WARN_UNDECLARED_SELECTOR = YES;
				GCC_WARN_UNINITIALIZED_AUTOS = YES_AGGRESSIVE;
				GCC_WARN_UNUSED_FUNCTION = YES;
				GCC_WARN_UNUSED_VARIABLE = YES;
				IPHONEOS_DEPLOYMENT_TARGET = 17.0;
				LOCALIZATION_PREFERS_STRING_CATALOGS = YES;
				MTL_ENABLE_DEBUG_INFO = NO;
				MTL_FAST_MATH = YES;
				SDKROOT = iphoneos;
				SWIFT_COMPILATION_MODE = wholemodule;
				VALIDATE_PRODUCT = YES;
			};
			name = Release;
		};
		ADC3F2592B98034100697A78 /* Debug */ = {
			isa = XCBuildConfiguration;
			buildSettings = {
				ASSETCATALOG_COMPILER_APPICON_NAME = AppIcon;
				ASSETCATALOG_COMPILER_GLOBAL_ACCENT_COLOR_NAME = AccentColor;
				CODE_SIGN_STYLE = Automatic;
				CURRENT_PROJECT_VERSION = 1;
				DEVELOPMENT_ASSET_PATHS = "\"manna-order-genie/Preview Content\"";
				DEVELOPMENT_TEAM = 458277H4FQ;
				ENABLE_PREVIEWS = YES;
				GENERATE_INFOPLIST_FILE = YES;
				INFOPLIST_FILE = "manna-order-genie/Info.plist";
				INFOPLIST_KEY_CFBundleDisplayName = "Manna Order Genie";
				INFOPLIST_KEY_LSApplicationCategoryType = "public.app-category.utilities";
				INFOPLIST_KEY_NSMicrophoneUsageDescription = "This app requires microphone access in order to transcribe speech.";
				INFOPLIST_KEY_UIApplicationSceneManifest_Generation = YES;
				INFOPLIST_KEY_UIApplicationSupportsIndirectInputEvents = YES;
				INFOPLIST_KEY_UILaunchScreen_Generation = YES;
				INFOPLIST_KEY_UISupportedInterfaceOrientations_iPad = "UIInterfaceOrientationPortrait UIInterfaceOrientationPortraitUpsideDown UIInterfaceOrientationLandscapeLeft UIInterfaceOrientationLandscapeRight";
				INFOPLIST_KEY_UISupportedInterfaceOrientations_iPhone = "UIInterfaceOrientationPortrait UIInterfaceOrientationLandscapeLeft UIInterfaceOrientationLandscapeRight";
				LD_RUNPATH_SEARCH_PATHS = (
					"$(inherited)",
					"@executable_path/Frameworks",
				);
				MARKETING_VERSION = 1.2;
				PRODUCT_BUNDLE_IDENTIFIER = "com.jangmin.whisper-objc";
				PRODUCT_NAME = "$(TARGET_NAME)";
				SUPPORTED_PLATFORMS = "iphoneos iphonesimulator";
				SUPPORTS_MACCATALYST = NO;
				SUPPORTS_MAC_DESIGNED_FOR_IPHONE_IPAD = NO;
				SWIFT_EMIT_LOC_STRINGS = YES;
				SWIFT_VERSION = 5.0;
				TARGETED_DEVICE_FAMILY = 1;
			};
			name = Debug;
		};
		ADC3F25A2B98034100697A78 /* Release */ = {
			isa = XCBuildConfiguration;
			buildSettings = {
				ASSETCATALOG_COMPILER_APPICON_NAME = AppIcon;
				ASSETCATALOG_COMPILER_GLOBAL_ACCENT_COLOR_NAME = AccentColor;
				CODE_SIGN_STYLE = Automatic;
				CURRENT_PROJECT_VERSION = 1;
				DEVELOPMENT_ASSET_PATHS = "\"manna-order-genie/Preview Content\"";
				DEVELOPMENT_TEAM = 458277H4FQ;
				ENABLE_PREVIEWS = YES;
				GENERATE_INFOPLIST_FILE = YES;
				INFOPLIST_FILE = "manna-order-genie/Info.plist";
				INFOPLIST_KEY_CFBundleDisplayName = "Manna Order Genie";
				INFOPLIST_KEY_LSApplicationCategoryType = "public.app-category.utilities";
				INFOPLIST_KEY_NSMicrophoneUsageDescription = "This app requires microphone access in order to transcribe speech.";
				INFOPLIST_KEY_UIApplicationSceneManifest_Generation = YES;
				INFOPLIST_KEY_UIApplicationSupportsIndirectInputEvents = YES;
				INFOPLIST_KEY_UILaunchScreen_Generation = YES;
				INFOPLIST_KEY_UISupportedInterfaceOrientations_iPad = "UIInterfaceOrientationPortrait UIInterfaceOrientationPortraitUpsideDown UIInterfaceOrientationLandscapeLeft UIInterfaceOrientationLandscapeRight";
				INFOPLIST_KEY_UISupportedInterfaceOrientations_iPhone = "UIInterfaceOrientationPortrait UIInterfaceOrientationLandscapeLeft UIInterfaceOrientationLandscapeRight";
				LD_RUNPATH_SEARCH_PATHS = (
					"$(inherited)",
					"@executable_path/Frameworks",
				);
				MARKETING_VERSION = 1.2;
				PRODUCT_BUNDLE_IDENTIFIER = "com.jangmin.whisper-objc";
				PRODUCT_NAME = "$(TARGET_NAME)";
				SUPPORTED_PLATFORMS = "iphoneos iphonesimulator";
				SUPPORTS_MACCATALYST = NO;
				SUPPORTS_MAC_DESIGNED_FOR_IPHONE_IPAD = NO;
				SWIFT_EMIT_LOC_STRINGS = YES;
				SWIFT_VERSION = 5.0;
				TARGETED_DEVICE_FAMILY = 1;
			};
			name = Release;
		};
/* End XCBuildConfiguration section */

/* Begin XCConfigurationList section */
		ADC3F2452B98034000697A78 /* Build configuration list for PBXProject "manna-order-genie" */ = {
			isa = XCConfigurationList;
			buildConfigurations = (
				ADC3F2562B98034100697A78 /* Debug */,
				ADC3F2572B98034100697A78 /* Release */,
			);
			defaultConfigurationIsVisible = 0;
			defaultConfigurationName = Release;
		};
		ADC3F2582B98034100697A78 /* Build configuration list for PBXNativeTarget "manna-order-genie" */ = {
			isa = XCConfigurationList;
			buildConfigurations = (
				ADC3F2592B98034100697A78 /* Debug */,
				ADC3F25A2B98034100697A78 /* Release */,
			);
			defaultConfigurationIsVisible = 0;
			defaultConfigurationName = Release;
		};
/* End XCConfigurationList section */

/* Begin XCRemoteSwiftPackageReference section */
		AD6AFEFB2B9DA8280099AA8A /* XCRemoteSwiftPackageReference "whisperlib" */ = {
			isa = XCRemoteSwiftPackageReference;
			repositoryURL = "https://github.com/MannaPlanet/whisperlib";
			requirement = {
				branch = dev_sync_upstream;
				kind = branch;
			};
		};
/* End XCRemoteSwiftPackageReference section */

/* Begin XCSwiftPackageProductDependency section */
		AD6AFEFC2B9DA8280099AA8A /* whisperlib */ = {
			isa = XCSwiftPackageProductDependency;
			package = AD6AFEFB2B9DA8280099AA8A /* XCRemoteSwiftPackageReference "whisperlib" */;
			productName = whisperlib;
		};
/* End XCSwiftPackageProductDependency section */
	};
	rootObject = ADC3F2422B98034000697A78 /* Project object */;
}
